
Microsoft Visual Studio Solution File, Format Version 12.00
# Visual Studio 15
VisualStudioVersion = 15.0.27004.2006
MinimumVisualStudioVersion = 10.0.40219.1
Project("{9A19103F-16F7-4668-BE54-9A1E7A4F7556}") = "Microsoft.IdentityService.Clients.ActiveDirectory", "src\Microsoft.IdentityModel.Clients.ActiveDirectory\Microsoft.IdentityService.Clients.ActiveDirectory.csproj", "{AECE489D-9ED4-442D-8D8F-0F383AEBB781}"
EndProject
Project("{2150E333-8FDC-42A3-9474-1A3956D46DE8}") = "src", "src", "{D62811A9-35C0-43C9-926A-51EC4D6F7AD8}"
EndProject
Project("{2150E333-8FDC-42A3-9474-1A3956D46DE8}") = "tests", "tests", "{CF9400D7-1CFA-4495-AA6D-24105B10801A}"
EndProject
Project("{FAE04EC0-301F-11D3-BF4B-00C04F79EFBC}") = "Test.ADAL.NET.Unit", "tests\Test.ADAL.NET.Unit\Test.ADAL.NET.Unit.csproj", "{91E9E564-8A44-457B-A97C-E76C9F6275D6}"
EndProject
Project("{FAE04EC0-301F-11D3-BF4B-00C04F79EFBC}") = "Test.ADAL.NET.Integration", "tests\Test.ADAL.NET.Integration\Test.ADAL.NET.Integration.csproj", "{2BD6EA30-37A4-4799-B778-A473FC6B19D4}"
EndProject
Project("{2150E333-8FDC-42A3-9474-1A3956D46DE8}") = "devApps", "devApps", "{54CB21B9-187C-4E63-9022-A9964886C56D}"
EndProject
Project("{9A19103F-16F7-4668-BE54-9A1E7A4F7556}") = "AdalCoreCLRTestApp", "devApps\AdalCoreCLRTestApp\AdalCoreCLRTestApp.csproj", "{8F0D6721-E26D-45AE-8132-B7F6DAE682A9}"
EndProject
Project("{FAE04EC0-301F-11D3-BF4B-00C04F79EFBC}") = "AdalDesktopTestApp", "devApps\AdalDesktopTestApp\AdalDesktopTestApp.csproj", "{8BA45C94-A047-43E0-BB98-D32FDD72F9E5}"
EndProject
Project("{2150E333-8FDC-42A3-9474-1A3956D46DE8}") = "XForms", "XForms", "{32A145D6-95A9-4232-B33E-AC4D9C392114}"
EndProject
Project("{9A19103F-16F7-4668-BE54-9A1E7A4F7556}") = "XFormsApp", "devApps\XFormsApp\XFormsApp.csproj", "{856EA096-2283-49B6-B2CD-5C603551D150}"
EndProject
Project("{2150E333-8FDC-42A3-9474-1A3956D46DE8}") = "automation", "automation", "{001F8E55-449F-42AF-AADD-1DD473AD9E9D}"
EndProject
Project("{FAE04EC0-301F-11D3-BF4B-00C04F79EFBC}") = "WinFormsAutomationApp", "automation\WinFormsAutomationApp\WinFormsAutomationApp.csproj", "{84AAB705-1A89-4149-BBE0-5C4505D9CBED}"
EndProject
Project("{9A19103F-16F7-4668-BE54-9A1E7A4F7556}") = "Microsoft.IdentityService.Clients.ActiveDirectory.Platform", "src\Microsoft.IdentityModel.Clients.ActiveDirectory.Platform\Microsoft.IdentityService.Clients.ActiveDirectory.Platform.csproj", "{6AD09D7F-5FFA-4C47-A4B2-F9604DE94931}"
EndProject
Global
	GlobalSection(SolutionConfigurationPlatforms) = preSolution
		Ad-Hoc|Any CPU = Ad-Hoc|Any CPU
		Ad-Hoc|iPhone = Ad-Hoc|iPhone
		Ad-Hoc|iPhoneSimulator = Ad-Hoc|iPhoneSimulator
		AppStore|Any CPU = AppStore|Any CPU
		AppStore|iPhone = AppStore|iPhone
		AppStore|iPhoneSimulator = AppStore|iPhoneSimulator
		Debug|Any CPU = Debug|Any CPU
		Debug|iPhone = Debug|iPhone
		Debug|iPhoneSimulator = Debug|iPhoneSimulator
		Release|Any CPU = Release|Any CPU
		Release|iPhone = Release|iPhone
		Release|iPhoneSimulator = Release|iPhoneSimulator
	EndGlobalSection
	GlobalSection(ProjectConfigurationPlatforms) = postSolution
		{AECE489D-9ED4-442D-8D8F-0F383AEBB781}.Ad-Hoc|Any CPU.ActiveCfg = Release|Any CPU
		{AECE489D-9ED4-442D-8D8F-0F383AEBB781}.Ad-Hoc|Any CPU.Build.0 = Release|Any CPU
		{AECE489D-9ED4-442D-8D8F-0F383AEBB781}.Ad-Hoc|iPhone.ActiveCfg = Release|Any CPU
		{AECE489D-9ED4-442D-8D8F-0F383AEBB781}.Ad-Hoc|iPhone.Build.0 = Release|Any CPU
		{AECE489D-9ED4-442D-8D8F-0F383AEBB781}.Ad-Hoc|iPhoneSimulator.ActiveCfg = Release|Any CPU
		{AECE489D-9ED4-442D-8D8F-0F383AEBB781}.Ad-Hoc|iPhoneSimulator.Build.0 = Release|Any CPU
		{AECE489D-9ED4-442D-8D8F-0F383AEBB781}.AppStore|Any CPU.ActiveCfg = Release|Any CPU
		{AECE489D-9ED4-442D-8D8F-0F383AEBB781}.AppStore|Any CPU.Build.0 = Release|Any CPU
		{AECE489D-9ED4-442D-8D8F-0F383AEBB781}.AppStore|iPhone.ActiveCfg = Release|Any CPU
		{AECE489D-9ED4-442D-8D8F-0F383AEBB781}.AppStore|iPhone.Build.0 = Release|Any CPU
		{AECE489D-9ED4-442D-8D8F-0F383AEBB781}.AppStore|iPhoneSimulator.ActiveCfg = Release|Any CPU
		{AECE489D-9ED4-442D-8D8F-0F383AEBB781}.AppStore|iPhoneSimulator.Build.0 = Release|Any CPU
		{AECE489D-9ED4-442D-8D8F-0F383AEBB781}.Debug|Any CPU.ActiveCfg = Debug|Any CPU
		{AECE489D-9ED4-442D-8D8F-0F383AEBB781}.Debug|Any CPU.Build.0 = Debug|Any CPU
		{AECE489D-9ED4-442D-8D8F-0F383AEBB781}.Debug|iPhone.ActiveCfg = Debug|Any CPU
		{AECE489D-9ED4-442D-8D8F-0F383AEBB781}.Debug|iPhone.Build.0 = Debug|Any CPU
		{AECE489D-9ED4-442D-8D8F-0F383AEBB781}.Debug|iPhoneSimulator.ActiveCfg = Debug|Any CPU
		{AECE489D-9ED4-442D-8D8F-0F383AEBB781}.Debug|iPhoneSimulator.Build.0 = Debug|Any CPU
		{AECE489D-9ED4-442D-8D8F-0F383AEBB781}.Release|Any CPU.ActiveCfg = Release|Any CPU
		{AECE489D-9ED4-442D-8D8F-0F383AEBB781}.Release|Any CPU.Build.0 = Release|Any CPU
		{AECE489D-9ED4-442D-8D8F-0F383AEBB781}.Release|iPhone.ActiveCfg = Release|Any CPU
		{AECE489D-9ED4-442D-8D8F-0F383AEBB781}.Release|iPhone.Build.0 = Release|Any CPU
		{AECE489D-9ED4-442D-8D8F-0F383AEBB781}.Release|iPhoneSimulator.ActiveCfg = Release|Any CPU
		{AECE489D-9ED4-442D-8D8F-0F383AEBB781}.Release|iPhoneSimulator.Build.0 = Release|Any CPU
		{91E9E564-8A44-457B-A97C-E76C9F6275D6}.Ad-Hoc|Any CPU.ActiveCfg = Release|Any CPU
		{91E9E564-8A44-457B-A97C-E76C9F6275D6}.Ad-Hoc|Any CPU.Build.0 = Release|Any CPU
		{91E9E564-8A44-457B-A97C-E76C9F6275D6}.Ad-Hoc|iPhone.ActiveCfg = Release|Any CPU
		{91E9E564-8A44-457B-A97C-E76C9F6275D6}.Ad-Hoc|iPhone.Build.0 = Release|Any CPU
		{91E9E564-8A44-457B-A97C-E76C9F6275D6}.Ad-Hoc|iPhoneSimulator.ActiveCfg = Release|Any CPU
		{91E9E564-8A44-457B-A97C-E76C9F6275D6}.Ad-Hoc|iPhoneSimulator.Build.0 = Release|Any CPU
		{91E9E564-8A44-457B-A97C-E76C9F6275D6}.AppStore|Any CPU.ActiveCfg = Release|Any CPU
		{91E9E564-8A44-457B-A97C-E76C9F6275D6}.AppStore|Any CPU.Build.0 = Release|Any CPU
		{91E9E564-8A44-457B-A97C-E76C9F6275D6}.AppStore|iPhone.ActiveCfg = Release|Any CPU
		{91E9E564-8A44-457B-A97C-E76C9F6275D6}.AppStore|iPhone.Build.0 = Release|Any CPU
		{91E9E564-8A44-457B-A97C-E76C9F6275D6}.AppStore|iPhoneSimulator.ActiveCfg = Release|Any CPU
		{91E9E564-8A44-457B-A97C-E76C9F6275D6}.AppStore|iPhoneSimulator.Build.0 = Release|Any CPU
		{91E9E564-8A44-457B-A97C-E76C9F6275D6}.Debug|Any CPU.ActiveCfg = Debug|Any CPU
		{91E9E564-8A44-457B-A97C-E76C9F6275D6}.Debug|Any CPU.Build.0 = Debug|Any CPU
		{91E9E564-8A44-457B-A97C-E76C9F6275D6}.Debug|iPhone.ActiveCfg = Debug|Any CPU
		{91E9E564-8A44-457B-A97C-E76C9F6275D6}.Debug|iPhone.Build.0 = Debug|Any CPU
		{91E9E564-8A44-457B-A97C-E76C9F6275D6}.Debug|iPhoneSimulator.ActiveCfg = Debug|Any CPU
		{91E9E564-8A44-457B-A97C-E76C9F6275D6}.Debug|iPhoneSimulator.Build.0 = Debug|Any CPU
		{91E9E564-8A44-457B-A97C-E76C9F6275D6}.Release|Any CPU.ActiveCfg = Release|Any CPU
		{91E9E564-8A44-457B-A97C-E76C9F6275D6}.Release|Any CPU.Build.0 = Release|Any CPU
		{91E9E564-8A44-457B-A97C-E76C9F6275D6}.Release|iPhone.ActiveCfg = Release|Any CPU
		{91E9E564-8A44-457B-A97C-E76C9F6275D6}.Release|iPhone.Build.0 = Release|Any CPU
		{91E9E564-8A44-457B-A97C-E76C9F6275D6}.Release|iPhoneSimulator.ActiveCfg = Release|Any CPU
		{91E9E564-8A44-457B-A97C-E76C9F6275D6}.Release|iPhoneSimulator.Build.0 = Release|Any CPU
		{2BD6EA30-37A4-4799-B778-A473FC6B19D4}.Ad-Hoc|Any CPU.ActiveCfg = Release|Any CPU
		{2BD6EA30-37A4-4799-B778-A473FC6B19D4}.Ad-Hoc|Any CPU.Build.0 = Release|Any CPU
		{2BD6EA30-37A4-4799-B778-A473FC6B19D4}.Ad-Hoc|iPhone.ActiveCfg = Release|Any CPU
		{2BD6EA30-37A4-4799-B778-A473FC6B19D4}.Ad-Hoc|iPhone.Build.0 = Release|Any CPU
		{2BD6EA30-37A4-4799-B778-A473FC6B19D4}.Ad-Hoc|iPhoneSimulator.ActiveCfg = Release|Any CPU
		{2BD6EA30-37A4-4799-B778-A473FC6B19D4}.Ad-Hoc|iPhoneSimulator.Build.0 = Release|Any CPU
		{2BD6EA30-37A4-4799-B778-A473FC6B19D4}.AppStore|Any CPU.ActiveCfg = Release|Any CPU
		{2BD6EA30-37A4-4799-B778-A473FC6B19D4}.AppStore|Any CPU.Build.0 = Release|Any CPU
		{2BD6EA30-37A4-4799-B778-A473FC6B19D4}.AppStore|iPhone.ActiveCfg = Release|Any CPU
		{2BD6EA30-37A4-4799-B778-A473FC6B19D4}.AppStore|iPhone.Build.0 = Release|Any CPU
		{2BD6EA30-37A4-4799-B778-A473FC6B19D4}.AppStore|iPhoneSimulator.ActiveCfg = Release|Any CPU
		{2BD6EA30-37A4-4799-B778-A473FC6B19D4}.AppStore|iPhoneSimulator.Build.0 = Release|Any CPU
		{2BD6EA30-37A4-4799-B778-A473FC6B19D4}.Debug|Any CPU.ActiveCfg = Debug|Any CPU
		{2BD6EA30-37A4-4799-B778-A473FC6B19D4}.Debug|Any CPU.Build.0 = Debug|Any CPU
		{2BD6EA30-37A4-4799-B778-A473FC6B19D4}.Debug|iPhone.ActiveCfg = Debug|Any CPU
		{2BD6EA30-37A4-4799-B778-A473FC6B19D4}.Debug|iPhone.Build.0 = Debug|Any CPU
		{2BD6EA30-37A4-4799-B778-A473FC6B19D4}.Debug|iPhoneSimulator.ActiveCfg = Debug|Any CPU
		{2BD6EA30-37A4-4799-B778-A473FC6B19D4}.Debug|iPhoneSimulator.Build.0 = Debug|Any CPU
		{2BD6EA30-37A4-4799-B778-A473FC6B19D4}.Release|Any CPU.ActiveCfg = Release|Any CPU
		{2BD6EA30-37A4-4799-B778-A473FC6B19D4}.Release|Any CPU.Build.0 = Release|Any CPU
		{2BD6EA30-37A4-4799-B778-A473FC6B19D4}.Release|iPhone.ActiveCfg = Release|Any CPU
		{2BD6EA30-37A4-4799-B778-A473FC6B19D4}.Release|iPhone.Build.0 = Release|Any CPU
		{2BD6EA30-37A4-4799-B778-A473FC6B19D4}.Release|iPhoneSimulator.ActiveCfg = Release|Any CPU
		{2BD6EA30-37A4-4799-B778-A473FC6B19D4}.Release|iPhoneSimulator.Build.0 = Release|Any CPU
		{8F0D6721-E26D-45AE-8132-B7F6DAE682A9}.Ad-Hoc|Any CPU.ActiveCfg = Debug|Any CPU
		{8F0D6721-E26D-45AE-8132-B7F6DAE682A9}.Ad-Hoc|Any CPU.Build.0 = Debug|Any CPU
		{8F0D6721-E26D-45AE-8132-B7F6DAE682A9}.Ad-Hoc|iPhone.ActiveCfg = Debug|Any CPU
		{8F0D6721-E26D-45AE-8132-B7F6DAE682A9}.Ad-Hoc|iPhone.Build.0 = Debug|Any CPU
		{8F0D6721-E26D-45AE-8132-B7F6DAE682A9}.Ad-Hoc|iPhoneSimulator.ActiveCfg = Debug|Any CPU
		{8F0D6721-E26D-45AE-8132-B7F6DAE682A9}.Ad-Hoc|iPhoneSimulator.Build.0 = Debug|Any CPU
		{8F0D6721-E26D-45AE-8132-B7F6DAE682A9}.AppStore|Any CPU.ActiveCfg = Debug|Any CPU
		{8F0D6721-E26D-45AE-8132-B7F6DAE682A9}.AppStore|Any CPU.Build.0 = Debug|Any CPU
		{8F0D6721-E26D-45AE-8132-B7F6DAE682A9}.AppStore|iPhone.ActiveCfg = Debug|Any CPU
		{8F0D6721-E26D-45AE-8132-B7F6DAE682A9}.AppStore|iPhone.Build.0 = Debug|Any CPU
		{8F0D6721-E26D-45AE-8132-B7F6DAE682A9}.AppStore|iPhoneSimulator.ActiveCfg = Debug|Any CPU
		{8F0D6721-E26D-45AE-8132-B7F6DAE682A9}.AppStore|iPhoneSimulator.Build.0 = Debug|Any CPU
		{8F0D6721-E26D-45AE-8132-B7F6DAE682A9}.Debug|Any CPU.ActiveCfg = Debug|Any CPU
		{8F0D6721-E26D-45AE-8132-B7F6DAE682A9}.Debug|Any CPU.Build.0 = Debug|Any CPU
		{8F0D6721-E26D-45AE-8132-B7F6DAE682A9}.Debug|iPhone.ActiveCfg = Debug|Any CPU
		{8F0D6721-E26D-45AE-8132-B7F6DAE682A9}.Debug|iPhone.Build.0 = Debug|Any CPU
		{8F0D6721-E26D-45AE-8132-B7F6DAE682A9}.Debug|iPhoneSimulator.ActiveCfg = Debug|Any CPU
		{8F0D6721-E26D-45AE-8132-B7F6DAE682A9}.Debug|iPhoneSimulator.Build.0 = Debug|Any CPU
		{8F0D6721-E26D-45AE-8132-B7F6DAE682A9}.Release|Any CPU.ActiveCfg = Release|Any CPU
		{8F0D6721-E26D-45AE-8132-B7F6DAE682A9}.Release|Any CPU.Build.0 = Release|Any CPU
		{8F0D6721-E26D-45AE-8132-B7F6DAE682A9}.Release|iPhone.ActiveCfg = Release|Any CPU
		{8F0D6721-E26D-45AE-8132-B7F6DAE682A9}.Release|iPhone.Build.0 = Release|Any CPU
		{8F0D6721-E26D-45AE-8132-B7F6DAE682A9}.Release|iPhoneSimulator.ActiveCfg = Release|Any CPU
		{8F0D6721-E26D-45AE-8132-B7F6DAE682A9}.Release|iPhoneSimulator.Build.0 = Release|Any CPU
		{8BA45C94-A047-43E0-BB98-D32FDD72F9E5}.Ad-Hoc|Any CPU.ActiveCfg = Release|Any CPU
		{8BA45C94-A047-43E0-BB98-D32FDD72F9E5}.Ad-Hoc|Any CPU.Build.0 = Release|Any CPU
		{8BA45C94-A047-43E0-BB98-D32FDD72F9E5}.Ad-Hoc|iPhone.ActiveCfg = Release|Any CPU
		{8BA45C94-A047-43E0-BB98-D32FDD72F9E5}.Ad-Hoc|iPhone.Build.0 = Release|Any CPU
		{8BA45C94-A047-43E0-BB98-D32FDD72F9E5}.Ad-Hoc|iPhoneSimulator.ActiveCfg = Release|Any CPU
		{8BA45C94-A047-43E0-BB98-D32FDD72F9E5}.Ad-Hoc|iPhoneSimulator.Build.0 = Release|Any CPU
		{8BA45C94-A047-43E0-BB98-D32FDD72F9E5}.AppStore|Any CPU.ActiveCfg = Release|Any CPU
		{8BA45C94-A047-43E0-BB98-D32FDD72F9E5}.AppStore|Any CPU.Build.0 = Release|Any CPU
		{8BA45C94-A047-43E0-BB98-D32FDD72F9E5}.AppStore|iPhone.ActiveCfg = Release|Any CPU
		{8BA45C94-A047-43E0-BB98-D32FDD72F9E5}.AppStore|iPhone.Build.0 = Release|Any CPU
		{8BA45C94-A047-43E0-BB98-D32FDD72F9E5}.AppStore|iPhoneSimulator.ActiveCfg = Release|Any CPU
		{8BA45C94-A047-43E0-BB98-D32FDD72F9E5}.AppStore|iPhoneSimulator.Build.0 = Release|Any CPU
		{8BA45C94-A047-43E0-BB98-D32FDD72F9E5}.Debug|Any CPU.ActiveCfg = Debug|Any CPU
		{8BA45C94-A047-43E0-BB98-D32FDD72F9E5}.Debug|Any CPU.Build.0 = Debug|Any CPU
		{8BA45C94-A047-43E0-BB98-D32FDD72F9E5}.Debug|iPhone.ActiveCfg = Debug|Any CPU
		{8BA45C94-A047-43E0-BB98-D32FDD72F9E5}.Debug|iPhone.Build.0 = Debug|Any CPU
		{8BA45C94-A047-43E0-BB98-D32FDD72F9E5}.Debug|iPhoneSimulator.ActiveCfg = Debug|Any CPU
		{8BA45C94-A047-43E0-BB98-D32FDD72F9E5}.Debug|iPhoneSimulator.Build.0 = Debug|Any CPU
		{8BA45C94-A047-43E0-BB98-D32FDD72F9E5}.Release|Any CPU.ActiveCfg = Release|Any CPU
		{8BA45C94-A047-43E0-BB98-D32FDD72F9E5}.Release|Any CPU.Build.0 = Release|Any CPU
		{8BA45C94-A047-43E0-BB98-D32FDD72F9E5}.Release|iPhone.ActiveCfg = Release|Any CPU
		{8BA45C94-A047-43E0-BB98-D32FDD72F9E5}.Release|iPhone.Build.0 = Release|Any CPU
		{8BA45C94-A047-43E0-BB98-D32FDD72F9E5}.Release|iPhoneSimulator.ActiveCfg = Release|Any CPU
		{8BA45C94-A047-43E0-BB98-D32FDD72F9E5}.Release|iPhoneSimulator.Build.0 = Release|Any CPU
		{856EA096-2283-49B6-B2CD-5C603551D150}.Ad-Hoc|Any CPU.ActiveCfg = Release|Any CPU
		{856EA096-2283-49B6-B2CD-5C603551D150}.Ad-Hoc|Any CPU.Build.0 = Release|Any CPU
		{856EA096-2283-49B6-B2CD-5C603551D150}.Ad-Hoc|iPhone.ActiveCfg = Release|Any CPU
		{856EA096-2283-49B6-B2CD-5C603551D150}.Ad-Hoc|iPhone.Build.0 = Release|Any CPU
		{856EA096-2283-49B6-B2CD-5C603551D150}.Ad-Hoc|iPhoneSimulator.ActiveCfg = Release|Any CPU
		{856EA096-2283-49B6-B2CD-5C603551D150}.Ad-Hoc|iPhoneSimulator.Build.0 = Release|Any CPU
		{856EA096-2283-49B6-B2CD-5C603551D150}.AppStore|Any CPU.ActiveCfg = Release|Any CPU
		{856EA096-2283-49B6-B2CD-5C603551D150}.AppStore|Any CPU.Build.0 = Release|Any CPU
		{856EA096-2283-49B6-B2CD-5C603551D150}.AppStore|iPhone.ActiveCfg = Release|Any CPU
		{856EA096-2283-49B6-B2CD-5C603551D150}.AppStore|iPhone.Build.0 = Release|Any CPU
		{856EA096-2283-49B6-B2CD-5C603551D150}.AppStore|iPhoneSimulator.ActiveCfg = Release|Any CPU
		{856EA096-2283-49B6-B2CD-5C603551D150}.AppStore|iPhoneSimulator.Build.0 = Release|Any CPU
		{856EA096-2283-49B6-B2CD-5C603551D150}.Debug|Any CPU.ActiveCfg = Debug|Any CPU
		{856EA096-2283-49B6-B2CD-5C603551D150}.Debug|Any CPU.Build.0 = Debug|Any CPU
		{856EA096-2283-49B6-B2CD-5C603551D150}.Debug|iPhone.ActiveCfg = Debug|Any CPU
		{856EA096-2283-49B6-B2CD-5C603551D150}.Debug|iPhone.Build.0 = Debug|Any CPU
		{856EA096-2283-49B6-B2CD-5C603551D150}.Debug|iPhoneSimulator.ActiveCfg = Debug|Any CPU
		{856EA096-2283-49B6-B2CD-5C603551D150}.Debug|iPhoneSimulator.Build.0 = Debug|Any CPU
		{856EA096-2283-49B6-B2CD-5C603551D150}.Release|Any CPU.ActiveCfg = Release|Any CPU
		{856EA096-2283-49B6-B2CD-5C603551D150}.Release|Any CPU.Build.0 = Release|Any CPU
		{856EA096-2283-49B6-B2CD-5C603551D150}.Release|iPhone.ActiveCfg = Release|Any CPU
		{856EA096-2283-49B6-B2CD-5C603551D150}.Release|iPhone.Build.0 = Release|Any CPU
		{856EA096-2283-49B6-B2CD-5C603551D150}.Release|iPhoneSimulator.ActiveCfg = Release|Any CPU
		{856EA096-2283-49B6-B2CD-5C603551D150}.Release|iPhoneSimulator.Build.0 = Release|Any CPU
		{84AAB705-1A89-4149-BBE0-5C4505D9CBED}.Ad-Hoc|Any CPU.ActiveCfg = Release|Any CPU
		{84AAB705-1A89-4149-BBE0-5C4505D9CBED}.Ad-Hoc|Any CPU.Build.0 = Release|Any CPU
		{84AAB705-1A89-4149-BBE0-5C4505D9CBED}.Ad-Hoc|iPhone.ActiveCfg = Release|Any CPU
		{84AAB705-1A89-4149-BBE0-5C4505D9CBED}.Ad-Hoc|iPhone.Build.0 = Release|Any CPU
		{84AAB705-1A89-4149-BBE0-5C4505D9CBED}.Ad-Hoc|iPhoneSimulator.ActiveCfg = Release|Any CPU
		{84AAB705-1A89-4149-BBE0-5C4505D9CBED}.Ad-Hoc|iPhoneSimulator.Build.0 = Release|Any CPU
		{84AAB705-1A89-4149-BBE0-5C4505D9CBED}.AppStore|Any CPU.ActiveCfg = Release|Any CPU
		{84AAB705-1A89-4149-BBE0-5C4505D9CBED}.AppStore|Any CPU.Build.0 = Release|Any CPU
		{84AAB705-1A89-4149-BBE0-5C4505D9CBED}.AppStore|iPhone.ActiveCfg = Release|Any CPU
		{84AAB705-1A89-4149-BBE0-5C4505D9CBED}.AppStore|iPhone.Build.0 = Release|Any CPU
		{84AAB705-1A89-4149-BBE0-5C4505D9CBED}.AppStore|iPhoneSimulator.ActiveCfg = Release|Any CPU
		{84AAB705-1A89-4149-BBE0-5C4505D9CBED}.AppStore|iPhoneSimulator.Build.0 = Release|Any CPU
		{84AAB705-1A89-4149-BBE0-5C4505D9CBED}.Debug|Any CPU.ActiveCfg = Debug|Any CPU
		{84AAB705-1A89-4149-BBE0-5C4505D9CBED}.Debug|Any CPU.Build.0 = Debug|Any CPU
		{84AAB705-1A89-4149-BBE0-5C4505D9CBED}.Debug|iPhone.ActiveCfg = Debug|Any CPU
		{84AAB705-1A89-4149-BBE0-5C4505D9CBED}.Debug|iPhone.Build.0 = Debug|Any CPU
		{84AAB705-1A89-4149-BBE0-5C4505D9CBED}.Debug|iPhoneSimulator.ActiveCfg = Debug|Any CPU
		{84AAB705-1A89-4149-BBE0-5C4505D9CBED}.Debug|iPhoneSimulator.Build.0 = Debug|Any CPU
		{84AAB705-1A89-4149-BBE0-5C4505D9CBED}.Release|Any CPU.ActiveCfg = Release|Any CPU
		{84AAB705-1A89-4149-BBE0-5C4505D9CBED}.Release|Any CPU.Build.0 = Release|Any CPU
		{84AAB705-1A89-4149-BBE0-5C4505D9CBED}.Release|iPhone.ActiveCfg = Release|Any CPU
		{84AAB705-1A89-4149-BBE0-5C4505D9CBED}.Release|iPhone.Build.0 = Release|Any CPU
		{84AAB705-1A89-4149-BBE0-5C4505D9CBED}.Release|iPhoneSimulator.ActiveCfg = Release|Any CPU
		{84AAB705-1A89-4149-BBE0-5C4505D9CBED}.Release|iPhoneSimulator.Build.0 = Release|Any CPU
		{6AD09D7F-5FFA-4C47-A4B2-F9604DE94931}.Ad-Hoc|Any CPU.ActiveCfg = Release|Any CPU
		{6AD09D7F-5FFA-4C47-A4B2-F9604DE94931}.Ad-Hoc|Any CPU.Build.0 = Release|Any CPU
		{6AD09D7F-5FFA-4C47-A4B2-F9604DE94931}.Ad-Hoc|iPhone.ActiveCfg = Release|Any CPU
		{6AD09D7F-5FFA-4C47-A4B2-F9604DE94931}.Ad-Hoc|iPhone.Build.0 = Release|Any CPU
		{6AD09D7F-5FFA-4C47-A4B2-F9604DE94931}.Ad-Hoc|iPhoneSimulator.ActiveCfg = Release|Any CPU
		{6AD09D7F-5FFA-4C47-A4B2-F9604DE94931}.Ad-Hoc|iPhoneSimulator.Build.0 = Release|Any CPU
		{6AD09D7F-5FFA-4C47-A4B2-F9604DE94931}.AppStore|Any CPU.ActiveCfg = Release|Any CPU
		{6AD09D7F-5FFA-4C47-A4B2-F9604DE94931}.AppStore|Any CPU.Build.0 = Release|Any CPU
		{6AD09D7F-5FFA-4C47-A4B2-F9604DE94931}.AppStore|iPhone.ActiveCfg = Release|Any CPU
		{6AD09D7F-5FFA-4C47-A4B2-F9604DE94931}.AppStore|iPhone.Build.0 = Release|Any CPU
		{6AD09D7F-5FFA-4C47-A4B2-F9604DE94931}.AppStore|iPhoneSimulator.ActiveCfg = Release|Any CPU
		{6AD09D7F-5FFA-4C47-A4B2-F9604DE94931}.AppStore|iPhoneSimulator.Build.0 = Release|Any CPU
		{6AD09D7F-5FFA-4C47-A4B2-F9604DE94931}.Debug|Any CPU.ActiveCfg = Debug|Any CPU
		{6AD09D7F-5FFA-4C47-A4B2-F9604DE94931}.Debug|Any CPU.Build.0 = Debug|Any CPU
		{6AD09D7F-5FFA-4C47-A4B2-F9604DE94931}.Debug|iPhone.ActiveCfg = Debug|Any CPU
		{6AD09D7F-5FFA-4C47-A4B2-F9604DE94931}.Debug|iPhone.Build.0 = Debug|Any CPU
		{6AD09D7F-5FFA-4C47-A4B2-F9604DE94931}.Debug|iPhoneSimulator.ActiveCfg = Debug|Any CPU
		{6AD09D7F-5FFA-4C47-A4B2-F9604DE94931}.Debug|iPhoneSimulator.Build.0 = Debug|Any CPU
		{6AD09D7F-5FFA-4C47-A4B2-F9604DE94931}.Release|Any CPU.ActiveCfg = Release|Any CPU
		{6AD09D7F-5FFA-4C47-A4B2-F9604DE94931}.Release|Any CPU.Build.0 = Release|Any CPU
		{6AD09D7F-5FFA-4C47-A4B2-F9604DE94931}.Release|iPhone.ActiveCfg = Release|Any CPU
		{6AD09D7F-5FFA-4C47-A4B2-F9604DE94931}.Release|iPhone.Build.0 = Release|Any CPU
		{6AD09D7F-5FFA-4C47-A4B2-F9604DE94931}.Release|iPhoneSimulator.ActiveCfg = Release|Any CPU
		{6AD09D7F-5FFA-4C47-A4B2-F9604DE94931}.Release|iPhoneSimulator.Build.0 = Release|Any CPU
	EndGlobalSection
	GlobalSection(SolutionProperties) = preSolution
		HideSolutionNode = FALSE
	EndGlobalSection
	GlobalSection(NestedProjects) = preSolution
		{AECE489D-9ED4-442D-8D8F-0F383AEBB781} = {D62811A9-35C0-43C9-926A-51EC4D6F7AD8}
		{91E9E564-8A44-457B-A97C-E76C9F6275D6} = {CF9400D7-1CFA-4495-AA6D-24105B10801A}
		{2BD6EA30-37A4-4799-B778-A473FC6B19D4} = {CF9400D7-1CFA-4495-AA6D-24105B10801A}
		{8F0D6721-E26D-45AE-8132-B7F6DAE682A9} = {54CB21B9-187C-4E63-9022-A9964886C56D}
		{8BA45C94-A047-43E0-BB98-D32FDD72F9E5} = {54CB21B9-187C-4E63-9022-A9964886C56D}
		{32A145D6-95A9-4232-B33E-AC4D9C392114} = {54CB21B9-187C-4E63-9022-A9964886C56D}
		{856EA096-2283-49B6-B2CD-5C603551D150} = {32A145D6-95A9-4232-B33E-AC4D9C392114}
		{84AAB705-1A89-4149-BBE0-5C4505D9CBED} = {001F8E55-449F-42AF-AADD-1DD473AD9E9D}
		{6AD09D7F-5FFA-4C47-A4B2-F9604DE94931} = {D62811A9-35C0-43C9-926A-51EC4D6F7AD8}
	EndGlobalSection
	GlobalSection(ExtensibilityGlobals) = postSolution
		SolutionGuid = {020399A9-DC27-4B82-9CAA-EF488665AC27}
	EndGlobalSection
EndGlobal
